
Microsoft Visual Studio Solution File, Format Version 12.00
# Visual Studio Version 17
VisualStudioVersion = 17.2.32630.192
MinimumVisualStudioVersion = 10.0.40219.1
Project("{2150E333-8FDC-42A3-9474-1A3956D46DE8}") = "00 UML", "00 UML", "{898B03E3-583B-4E57-ADC5-10DA9AFC52E5}"
EndProject
Project("{FAE04EC0-301F-11D3-BF4B-00C04F79EFBC}") = "DemoObserver_UML", "DemoObserver_UML\DemoObserver_UML.csproj", "{187F21EA-7A96-4B44-B394-5A03B4797BBF}"
EndProject
Project("{2150E333-8FDC-42A3-9474-1A3956D46DE8}") = "01 Inheritance", "01 Inheritance", "{B1979FD8-F7CD-4299-B589-A74C3BAFF1FD}"
EndProject
Project("{FAE04EC0-301F-11D3-BF4B-00C04F79EFBC}") = "DemoObserver_Inheritance", "DemoObserver_Inheritance\DemoObserver_Inheritance.csproj", "{509F06F9-F663-48E6-BCA1-932FCF5234C2}"
EndProject
Project("{2150E333-8FDC-42A3-9474-1A3956D46DE8}") = "02 Delegate", "02 Delegate", "{A40F7802-38E6-4E92-BD6F-5A6C43A30F6A}"
EndProject
Project("{FAE04EC0-301F-11D3-BF4B-00C04F79EFBC}") = "DemoObserver_Delegate", "DemoObserver_Delegate\DemoObserver_Delegate.csproj", "{72B418B9-D1BA-42FD-BF49-2323A892FE1C}"
EndProject
Project("{2150E333-8FDC-42A3-9474-1A3956D46DE8}") = "03 Event", "03 Event", "{B3182211-3A54-4ADB-8BA5-B95B5007CC6B}"
EndProject
Project("{FAE04EC0-301F-11D3-BF4B-00C04F79EFBC}") = "DemoObserver_Event", "DemoObserver_Event\DemoObserver_Event.csproj", "{126300C6-D390-4454-B189-6EB799839861}"
EndProject
Global
	GlobalSection(SolutionConfigurationPlatforms) = preSolution
		Debug|Any CPU = Debug|Any CPU
		Release|Any CPU = Release|Any CPU
	EndGlobalSection
	GlobalSection(ProjectConfigurationPlatforms) = postSolution
		{187F21EA-7A96-4B44-B394-5A03B4797BBF}.Debug|Any CPU.ActiveCfg = Debug|Any CPU
		{187F21EA-7A96-4B44-B394-5A03B4797BBF}.Debug|Any CPU.Build.0 = Debug|Any CPU
		{187F21EA-7A96-4B44-B394-5A03B4797BBF}.Release|Any CPU.ActiveCfg = Release|Any CPU
		{187F21EA-7A96-4B44-B394-5A03B4797BBF}.Release|Any CPU.Build.0 = Release|Any CPU
		{509F06F9-F663-48E6-BCA1-932FCF5234C2}.Debug|Any CPU.ActiveCfg = Debug|Any CPU
		{509F06F9-F663-48E6-BCA1-932FCF5234C2}.Debug|Any CPU.Build.0 = Debug|Any CPU
		{509F06F9-F663-48E6-BCA1-932FCF5234C2}.Release|Any CPU.ActiveCfg = Release|Any CPU
		{509F06F9-F663-48E6-BCA1-932FCF5234C2}.Release|Any CPU.Build.0 = Release|Any CPU
		{72B418B9-D1BA-42FD-BF49-2323A892FE1C}.Debug|Any CPU.ActiveCfg = Debug|Any CPU
		{72B418B9-D1BA-42FD-BF49-2323A892FE1C}.Debug|Any CPU.Build.0 = Debug|Any CPU
		{72B418B9-D1BA-42FD-BF49-2323A892FE1C}.Release|Any CPU.ActiveCfg = Release|Any CPU
		{72B418B9-D1BA-42FD-BF49-2323A892FE1C}.Release|Any CPU.Build.0 = Release|Any CPU
		{126300C6-D390-4454-B189-6EB799839861}.Debug|Any CPU.ActiveCfg = Debug|Any CPU
		{126300C6-D390-4454-B189-6EB799839861}.Debug|Any CPU.Build.0 = Debug|Any CPU
		{126300C6-D390-4454-B189-6EB799839861}.Release|Any CPU.ActiveCfg = Release|Any CPU
		{126300C6-D390-4454-B189-6EB799839861}.Release|Any CPU.Build.0 = Release|Any CPU
	EndGlobalSection
	GlobalSection(SolutionProperties) = preSolution
		HideSolutionNode = FALSE
	EndGlobalSection
	GlobalSection(NestedProjects) = preSolution
		{187F21EA-7A96-4B44-B394-5A03B4797BBF} = {898B03E3-583B-4E57-ADC5-10DA9AFC52E5}
		{509F06F9-F663-48E6-BCA1-932FCF5234C2} = {B1979FD8-F7CD-4299-B589-A74C3BAFF1FD}
		{72B418B9-D1BA-42FD-BF49-2323A892FE1C} = {A40F7802-38E6-4E92-BD6F-5A6C43A30F6A}
		{126300C6-D390-4454-B189-6EB799839861} = {B3182211-3A54-4ADB-8BA5-B95B5007CC6B}
	EndGlobalSection
	GlobalSection(ExtensibilityGlobals) = postSolution
		SolutionGuid = {234C2AC6-EB52-487C-B2B0-E0566719609B}
	EndGlobalSection
EndGlobal
